
Microsoft Visual Studio Solution File, Format Version 12.00
# Visual Studio Version 16
VisualStudioVersion = 16.0.31515.178
MinimumVisualStudioVersion = 10.0.40219.1
Project("{FAE04EC0-301F-11D3-BF4B-00C04F79EFBC}") = "KomodoInsurance_UI", "KomodoInsuranceDeveloperTeamManagement\KomodoInsurance_UI.csproj", "{F06C837A-2734-4426-BBBD-0F81863DA885}"
EndProject
Project("{FAE04EC0-301F-11D3-BF4B-00C04F79EFBC}") = "KomodInsurance_Repo", "KomodoInsuranceDeveloperTeamManagement_Repo\KomodInsurance_Repo.csproj", "{61128A44-954E-48CA-BD53-D5BDBB8379E1}"
EndProject
Project("{FAE04EC0-301F-11D3-BF4B-00C04F79EFBC}") = "KomodoInsurance_POCO", "KomodoInsurance_POCO\KomodoInsurance_POCO.csproj", "{36DE5E7F-7192-4410-82E2-3957B90A9B4A}"
EndProject
Global
	GlobalSection(SolutionConfigurationPlatforms) = preSolution
		Debug|Any CPU = Debug|Any CPU
		Release|Any CPU = Release|Any CPU
	EndGlobalSection
	GlobalSection(ProjectConfigurationPlatforms) = postSolution
		{F06C837A-2734-4426-BBBD-0F81863DA885}.Debug|Any CPU.ActiveCfg = Debug|Any CPU
		{F06C837A-2734-4426-BBBD-0F81863DA885}.Debug|Any CPU.Build.0 = Debug|Any CPU
		{F06C837A-2734-4426-BBBD-0F81863DA885}.Release|Any CPU.ActiveCfg = Release|Any CPU
		{F06C837A-2734-4426-BBBD-0F81863DA885}.Release|Any CPU.Build.0 = Release|Any CPU
		{61128A44-954E-48CA-BD53-D5BDBB8379E1}.Debug|Any CPU.ActiveCfg = Debug|Any CPU
		{61128A44-954E-48CA-BD53-D5BDBB8379E1}.Debug|Any CPU.Build.0 = Debug|Any CPU
		{61128A44-954E-48CA-BD53-D5BDBB8379E1}.Release|Any CPU.ActiveCfg = Release|Any CPU
		{61128A44-954E-48CA-BD53-D5BDBB8379E1}.Release|Any CPU.Build.0 = Release|Any CPU
		{36DE5E7F-7192-4410-82E2-3957B90A9B4A}.Debug|Any CPU.ActiveCfg = Debug|Any CPU
		{36DE5E7F-7192-4410-82E2-3957B90A9B4A}.Debug|Any CPU.Build.0 = Debug|Any CPU
		{36DE5E7F-7192-4410-82E2-3957B90A9B4A}.Release|Any CPU.ActiveCfg = Release|Any CPU
		{36DE5E7F-7192-4410-82E2-3957B90A9B4A}.Release|Any CPU.Build.0 = Release|Any CPU
	EndGlobalSection
	GlobalSection(SolutionProperties) = preSolution
		HideSolutionNode = FALSE
	EndGlobalSection
	GlobalSection(ExtensibilityGlobals) = postSolution
		SolutionGuid = {2A4B8A05-E705-481D-8400-9948C5C7697A}
	EndGlobalSection
EndGlobal
